// !$*UTF8*$!
{
	archiveVersion = 1;
	classes = {
	};
	objectVersion = 56;
	objects = {

/* Begin PBXBuildFile section */
		11ABAA2A2B4A9855003F02BF /* AppDelegate.swift in Sources */ = {isa = PBXBuildFile; fileRef = 11ABAA292B4A9855003F02BF /* AppDelegate.swift */; };
		11ABAA2C2B4A9855003F02BF /* SceneDelegate.swift in Sources */ = {isa = PBXBuildFile; fileRef = 11ABAA2B2B4A9855003F02BF /* SceneDelegate.swift */; };
		11ABAA2E2B4A9855003F02BF /* TrackersViewController.swift in Sources */ = {isa = PBXBuildFile; fileRef = 11ABAA2D2B4A9855003F02BF /* TrackersViewController.swift */; };
		11ABAA342B4A9855003F02BF /* Tracker.xcdatamodeld in Sources */ = {isa = PBXBuildFile; fileRef = 11ABAA322B4A9855003F02BF /* Tracker.xcdatamodeld */; };
		11ABAA362B4A9857003F02BF /* Assets.xcassets in Resources */ = {isa = PBXBuildFile; fileRef = 11ABAA352B4A9857003F02BF /* Assets.xcassets */; };
		11ABAA392B4A9857003F02BF /* LaunchScreen.storyboard in Resources */ = {isa = PBXBuildFile; fileRef = 11ABAA372B4A9857003F02BF /* LaunchScreen.storyboard */; };
		11ABAA412B4AAAF1003F02BF /* TabBarViewController.swift in Sources */ = {isa = PBXBuildFile; fileRef = 11ABAA402B4AAAF1003F02BF /* TabBarViewController.swift */; };
		11ABAA452B4AAB70003F02BF /* StatisticViewController.swift in Sources */ = {isa = PBXBuildFile; fileRef = 11ABAA442B4AAB70003F02BF /* StatisticViewController.swift */; };
		11B104962B4FF7160058904F /* Tracker.swift in Sources */ = {isa = PBXBuildFile; fileRef = 11B104952B4FF7160058904F /* Tracker.swift */; };
		11B104982B4FF7240058904F /* TrackerCategory.swift in Sources */ = {isa = PBXBuildFile; fileRef = 11B104972B4FF7240058904F /* TrackerCategory.swift */; };
		11B1049A2B4FF7350058904F /* TrackerRecord.swift in Sources */ = {isa = PBXBuildFile; fileRef = 11B104992B4FF7350058904F /* TrackerRecord.swift */; };
/* End PBXBuildFile section */

/* Begin PBXFileReference section */
		11ABAA262B4A9855003F02BF /* Tracker.app */ = {isa = PBXFileReference; explicitFileType = wrapper.application; includeInIndex = 0; path = Tracker.app; sourceTree = BUILT_PRODUCTS_DIR; };
		11ABAA292B4A9855003F02BF /* AppDelegate.swift */ = {isa = PBXFileReference; lastKnownFileType = sourcecode.swift; path = AppDelegate.swift; sourceTree = "<group>"; };
		11ABAA2B2B4A9855003F02BF /* SceneDelegate.swift */ = {isa = PBXFileReference; lastKnownFileType = sourcecode.swift; path = SceneDelegate.swift; sourceTree = "<group>"; };
		11ABAA2D2B4A9855003F02BF /* TrackersViewController.swift */ = {isa = PBXFileReference; lastKnownFileType = sourcecode.swift; path = TrackersViewController.swift; sourceTree = "<group>"; };
		11ABAA332B4A9855003F02BF /* Tracker.xcdatamodel */ = {isa = PBXFileReference; lastKnownFileType = wrapper.xcdatamodel; path = Tracker.xcdatamodel; sourceTree = "<group>"; };
		11ABAA352B4A9857003F02BF /* Assets.xcassets */ = {isa = PBXFileReference; lastKnownFileType = folder.assetcatalog; path = Assets.xcassets; sourceTree = "<group>"; };
		11ABAA382B4A9857003F02BF /* Base */ = {isa = PBXFileReference; lastKnownFileType = file.storyboard; name = Base; path = Base.lproj/LaunchScreen.storyboard; sourceTree = "<group>"; };
		11ABAA3A2B4A9857003F02BF /* Info.plist */ = {isa = PBXFileReference; lastKnownFileType = text.plist.xml; path = Info.plist; sourceTree = "<group>"; };
		11ABAA402B4AAAF1003F02BF /* TabBarViewController.swift */ = {isa = PBXFileReference; lastKnownFileType = sourcecode.swift; path = TabBarViewController.swift; sourceTree = "<group>"; };
		11ABAA442B4AAB70003F02BF /* StatisticViewController.swift */ = {isa = PBXFileReference; lastKnownFileType = sourcecode.swift; path = StatisticViewController.swift; sourceTree = "<group>"; };
		11B104952B4FF7160058904F /* Tracker.swift */ = {isa = PBXFileReference; lastKnownFileType = sourcecode.swift; path = Tracker.swift; sourceTree = "<group>"; };
		11B104972B4FF7240058904F /* TrackerCategory.swift */ = {isa = PBXFileReference; lastKnownFileType = sourcecode.swift; path = TrackerCategory.swift; sourceTree = "<group>"; };
		11B104992B4FF7350058904F /* TrackerRecord.swift */ = {isa = PBXFileReference; lastKnownFileType = sourcecode.swift; path = TrackerRecord.swift; sourceTree = "<group>"; };
/* End PBXFileReference section */

/* Begin PBXFrameworksBuildPhase section */
		11ABAA232B4A9855003F02BF /* Frameworks */ = {
			isa = PBXFrameworksBuildPhase;
			buildActionMask = 2147483647;
			files = (
			);
			runOnlyForDeploymentPostprocessing = 0;
		};
/* End PBXFrameworksBuildPhase section */

/* Begin PBXGroup section */
		11ABAA1D2B4A9855003F02BF = {
			isa = PBXGroup;
			children = (
				11ABAA282B4A9855003F02BF /* Tracker */,
				11ABAA272B4A9855003F02BF /* Products */,
			);
			sourceTree = "<group>";
		};
		11ABAA272B4A9855003F02BF /* Products */ = {
			isa = PBXGroup;
			children = (
				11ABAA262B4A9855003F02BF /* Tracker.app */,
			);
			name = Products;
			sourceTree = "<group>";
		};
		11ABAA282B4A9855003F02BF /* Tracker */ = {
			isa = PBXGroup;
			children = (
				11ABAA422B4AAB17003F02BF /* Application */,
				11B104942B4FF6F60058904F /* Struct */,
				11ABAA432B4AAB2D003F02BF /* Controllers */,
				11ABAA352B4A9857003F02BF /* Assets.xcassets */,
				11ABAA372B4A9857003F02BF /* LaunchScreen.storyboard */,
				11ABAA3A2B4A9857003F02BF /* Info.plist */,
				11ABAA322B4A9855003F02BF /* Tracker.xcdatamodeld */,
			);
			path = Tracker;
			sourceTree = "<group>";
		};
		11ABAA422B4AAB17003F02BF /* Application */ = {
			isa = PBXGroup;
			children = (
				11ABAA292B4A9855003F02BF /* AppDelegate.swift */,
				11ABAA2B2B4A9855003F02BF /* SceneDelegate.swift */,
			);
			path = Application;
			sourceTree = "<group>";
		};
		11ABAA432B4AAB2D003F02BF /* Controllers */ = {
			isa = PBXGroup;
			children = (
				11ABAA402B4AAAF1003F02BF /* TabBarViewController.swift */,
				11ABAA2D2B4A9855003F02BF /* TrackersViewController.swift */,
				11ABAA442B4AAB70003F02BF /* StatisticViewController.swift */,
			);
			path = Controllers;
			sourceTree = "<group>";
		};
		11B104942B4FF6F60058904F /* Struct */ = {
			isa = PBXGroup;
			children = (
				11B104952B4FF7160058904F /* Tracker.swift */,
				11B104972B4FF7240058904F /* TrackerCategory.swift */,
				11B104992B4FF7350058904F /* TrackerRecord.swift */,
			);
			path = Struct;
			sourceTree = "<group>";
		};
/* End PBXGroup section */

/* Begin PBXNativeTarget section */
		11ABAA252B4A9855003F02BF /* Tracker */ = {
			isa = PBXNativeTarget;
			buildConfigurationList = 11ABAA3D2B4A9857003F02BF /* Build configuration list for PBXNativeTarget "Tracker" */;
			buildPhases = (
				11ABAA222B4A9855003F02BF /* Sources */,
				11ABAA232B4A9855003F02BF /* Frameworks */,
				11ABAA242B4A9855003F02BF /* Resources */,
			);
			buildRules = (
			);
			dependencies = (
			);
			name = Tracker;
			productName = Tracker;
			productReference = 11ABAA262B4A9855003F02BF /* Tracker.app */;
			productType = "com.apple.product-type.application";
		};
/* End PBXNativeTarget section */

/* Begin PBXProject section */
		11ABAA1E2B4A9855003F02BF /* Project object */ = {
			isa = PBXProject;
			attributes = {
				BuildIndependentTargetsInParallel = 1;
				LastSwiftUpdateCheck = 1510;
				LastUpgradeCheck = 1510;
				TargetAttributes = {
					11ABAA252B4A9855003F02BF = {
						CreatedOnToolsVersion = 15.1;
					};
				};
			};
			buildConfigurationList = 11ABAA212B4A9855003F02BF /* Build configuration list for PBXProject "Tracker" */;
			compatibilityVersion = "Xcode 14.0";
			developmentRegion = en;
			hasScannedForEncodings = 0;
			knownRegions = (
				en,
				Base,
			);
			mainGroup = 11ABAA1D2B4A9855003F02BF;
			productRefGroup = 11ABAA272B4A9855003F02BF /* Products */;
			projectDirPath = "";
			projectRoot = "";
			targets = (
				11ABAA252B4A9855003F02BF /* Tracker */,
			);
		};
/* End PBXProject section */

/* Begin PBXResourcesBuildPhase section */
		11ABAA242B4A9855003F02BF /* Resources */ = {
			isa = PBXResourcesBuildPhase;
			buildActionMask = 2147483647;
			files = (
				11ABAA392B4A9857003F02BF /* LaunchScreen.storyboard in Resources */,
				11ABAA362B4A9857003F02BF /* Assets.xcassets in Resources */,
			);
			runOnlyForDeploymentPostprocessing = 0;
		};
/* End PBXResourcesBuildPhase section */

/* Begin PBXSourcesBuildPhase section */
		11ABAA222B4A9855003F02BF /* Sources */ = {
			isa = PBXSourcesBuildPhase;
			buildActionMask = 2147483647;
			files = (
				11ABAA342B4A9855003F02BF /* Tracker.xcdatamodeld in Sources */,
				11B1049A2B4FF7350058904F /* TrackerRecord.swift in Sources */,
				11ABAA2E2B4A9855003F02BF /* TrackersViewController.swift in Sources */,
				11B104962B4FF7160058904F /* Tracker.swift in Sources */,
				11ABAA2A2B4A9855003F02BF /* AppDelegate.swift in Sources */,
				11ABAA452B4AAB70003F02BF /* StatisticViewController.swift in Sources */,
				11B104982B4FF7240058904F /* TrackerCategory.swift in Sources */,
				11ABAA412B4AAAF1003F02BF /* TabBarViewController.swift in Sources */,
				11ABAA2C2B4A9855003F02BF /* SceneDelegate.swift in Sources */,
			);
			runOnlyForDeploymentPostprocessing = 0;
		};
/* End PBXSourcesBuildPhase section */

/* Begin PBXVariantGroup section */
		11ABAA372B4A9857003F02BF /* LaunchScreen.storyboard */ = {
			isa = PBXVariantGroup;
			children = (
				11ABAA382B4A9857003F02BF /* Base */,
			);
			name = LaunchScreen.storyboard;
			sourceTree = "<group>";
		};
/* End PBXVariantGroup section */

/* Begin XCBuildConfiguration section */
		11ABAA3B2B4A9857003F02BF /* Debug */ = {
			isa = XCBuildConfiguration;
			buildSettings = {
				ALWAYS_SEARCH_USER_PATHS = NO;
				ASSETCATALOG_COMPILER_GENERATE_SWIFT_ASSET_SYMBOL_EXTENSIONS = YES;
				CLANG_ANALYZER_NONNULL = YES;
				CLANG_ANALYZER_NUMBER_OBJECT_CONVERSION = YES_AGGRESSIVE;
				CLANG_CXX_LANGUAGE_STANDARD = "gnu++20";
				CLANG_ENABLE_MODULES = YES;
				CLANG_ENABLE_OBJC_ARC = YES;
				CLANG_ENABLE_OBJC_WEAK = YES;
				CLANG_WARN_BLOCK_CAPTURE_AUTORELEASING = YES;
				CLANG_WARN_BOOL_CONVERSION = YES;
				CLANG_WARN_COMMA = YES;
				CLANG_WARN_CONSTANT_CONVERSION = YES;
				CLANG_WARN_DEPRECATED_OBJC_IMPLEMENTATIONS = YES;
				CLANG_WARN_DIRECT_OBJC_ISA_USAGE = YES_ERROR;
				CLANG_WARN_DOCUMENTATION_COMMENTS = YES;
				CLANG_WARN_EMPTY_BODY = YES;
				CLANG_WARN_ENUM_CONVERSION = YES;
				CLANG_WARN_INFINITE_RECURSION = YES;
				CLANG_WARN_INT_CONVERSION = YES;
				CLANG_WARN_NON_LITERAL_NULL_CONVERSION = YES;
				CLANG_WARN_OBJC_IMPLICIT_RETAIN_SELF = YES;
				CLANG_WARN_OBJC_LITERAL_CONVERSION = YES;
				CLANG_WARN_OBJC_ROOT_CLASS = YES_ERROR;
				CLANG_WARN_QUOTED_INCLUDE_IN_FRAMEWORK_HEADER = YES;
				CLANG_WARN_RANGE_LOOP_ANALYSIS = YES;
				CLANG_WARN_STRICT_PROTOTYPES = YES;
				CLANG_WARN_SUSPICIOUS_MOVE = YES;
				CLANG_WARN_UNGUARDED_AVAILABILITY = YES_AGGRESSIVE;
				CLANG_WARN_UNREACHABLE_CODE = YES;
				CLANG_WARN__DUPLICATE_METHOD_MATCH = YES;
				COPY_PHASE_STRIP = NO;
				DEBUG_INFORMATION_FORMAT = dwarf;
				ENABLE_STRICT_OBJC_MSGSEND = YES;
				ENABLE_TESTABILITY = YES;
				ENABLE_USER_SCRIPT_SANDBOXING = YES;
				GCC_C_LANGUAGE_STANDARD = gnu17;
				GCC_DYNAMIC_NO_PIC = NO;
				GCC_NO_COMMON_BLOCKS = YES;
				GCC_OPTIMIZATION_LEVEL = 0;
				GCC_PREPROCESSOR_DEFINITIONS = (
					"DEBUG=1",
					"$(inherited)",
				);
				GCC_WARN_64_TO_32_BIT_CONVERSION = YES;
				GCC_WARN_ABOUT_RETURN_TYPE = YES_ERROR;
				GCC_WARN_UNDECLARED_SELECTOR = YES;
				GCC_WARN_UNINITIALIZED_AUTOS = YES_AGGRESSIVE;
				GCC_WARN_UNUSED_FUNCTION = YES;
				GCC_WARN_UNUSED_VARIABLE = YES;
				IPHONEOS_DEPLOYMENT_TARGET = 13.4;
				LOCALIZATION_PREFERS_STRING_CATALOGS = YES;
				MTL_ENABLE_DEBUG_INFO = INCLUDE_SOURCE;
				MTL_FAST_MATH = YES;
				ONLY_ACTIVE_ARCH = YES;
				SDKROOT = iphoneos;
				SWIFT_ACTIVE_COMPILATION_CONDITIONS = "DEBUG $(inherited)";
				SWIFT_OPTIMIZATION_LEVEL = "-Onone";
			};
			name = Debug;
		};
		11ABAA3C2B4A9857003F02BF /* Release */ = {
			isa = XCBuildConfiguration;
			buildSettings = {
				ALWAYS_SEARCH_USER_PATHS = NO;
				ASSETCATALOG_COMPILER_GENERATE_SWIFT_ASSET_SYMBOL_EXTENSIONS = YES;
				CLANG_ANALYZER_NONNULL = YES;
				CLANG_ANALYZER_NUMBER_OBJECT_CONVERSION = YES_AGGRESSIVE;
				CLANG_CXX_LANGUAGE_STANDARD = "gnu++20";
				CLANG_ENABLE_MODULES = YES;
				CLANG_ENABLE_OBJC_ARC = YES;
				CLANG_ENABLE_OBJC_WEAK = YES;
				CLANG_WARN_BLOCK_CAPTURE_AUTORELEASING = YES;
				CLANG_WARN_BOOL_CONVERSION = YES;
				CLANG_WARN_COMMA = YES;
				CLANG_WARN_CONSTANT_CONVERSION = YES;
				CLANG_WARN_DEPRECATED_OBJC_IMPLEMENTATIONS = YES;
				CLANG_WARN_DIRECT_OBJC_ISA_USAGE = YES_ERROR;
				CLANG_WARN_DOCUMENTATION_COMMENTS = YES;
				CLANG_WARN_EMPTY_BODY = YES;
				CLANG_WARN_ENUM_CONVERSION = YES;
				CLANG_WARN_INFINITE_RECURSION = YES;
				CLANG_WARN_INT_CONVERSION = YES;
				CLANG_WARN_NON_LITERAL_NULL_CONVERSION = YES;
				CLANG_WARN_OBJC_IMPLICIT_RETAIN_SELF = YES;
				CLANG_WARN_OBJC_LITERAL_CONVERSION = YES;
				CLANG_WARN_OBJC_ROOT_CLASS = YES_ERROR;
				CLANG_WARN_QUOTED_INCLUDE_IN_FRAMEWORK_HEADER = YES;
				CLANG_WARN_RANGE_LOOP_ANALYSIS = YES;
				CLANG_WARN_STRICT_PROTOTYPES = YES;
				CLANG_WARN_SUSPICIOUS_MOVE = YES;
				CLANG_WARN_UNGUARDED_AVAILABILITY = YES_AGGRESSIVE;
				CLANG_WARN_UNREACHABLE_CODE = YES;
				CLANG_WARN__DUPLICATE_METHOD_MATCH = YES;
				COPY_PHASE_STRIP = NO;
				DEBUG_INFORMATION_FORMAT = "dwarf-with-dsym";
				ENABLE_NS_ASSERTIONS = NO;
				ENABLE_STRICT_OBJC_MSGSEND = YES;
				ENABLE_USER_SCRIPT_SANDBOXING = YES;
				GCC_C_LANGUAGE_STANDARD = gnu17;
				GCC_NO_COMMON_BLOCKS = YES;
				GCC_WARN_64_TO_32_BIT_CONVERSION = YES;
				GCC_WARN_ABOUT_RETURN_TYPE = YES_ERROR;
				GCC_WARN_UNDECLARED_SELECTOR = YES;
				GCC_WARN_UNINITIALIZED_AUTOS = YES_AGGRESSIVE;
				GCC_WARN_UNUSED_FUNCTION = YES;
				GCC_WARN_UNUSED_VARIABLE = YES;
				IPHONEOS_DEPLOYMENT_TARGET = 13.4;
				LOCALIZATION_PREFERS_STRING_CATALOGS = YES;
				MTL_ENABLE_DEBUG_INFO = NO;
				MTL_FAST_MATH = YES;
				SDKROOT = iphoneos;
				SWIFT_COMPILATION_MODE = wholemodule;
				VALIDATE_PRODUCT = YES;
			};
			name = Release;
		};
		11ABAA3E2B4A9857003F02BF /* Debug */ = {
			isa = XCBuildConfiguration;
			buildSettings = {
				ASSETCATALOG_COMPILER_APPICON_NAME = AppIcon;
				ASSETCATALOG_COMPILER_GLOBAL_ACCENT_COLOR_NAME = AccentColor;
				CODE_SIGN_STYLE = Automatic;
				CURRENT_PROJECT_VERSION = 1;
				DEVELOPMENT_TEAM = DGS54WN6BX;
				GENERATE_INFOPLIST_FILE = YES;
				INFOPLIST_FILE = Tracker/Info.plist;
				INFOPLIST_KEY_UIApplicationSupportsIndirectInputEvents = YES;
				INFOPLIST_KEY_UILaunchStoryboardName = LaunchScreen;
				INFOPLIST_KEY_UISupportedInterfaceOrientations = UIInterfaceOrientationPortrait;
				INFOPLIST_KEY_UISupportedInterfaceOrientations_iPad = "UIInterfaceOrientationLandscapeLeft UIInterfaceOrientationLandscapeRight UIInterfaceOrientationPortrait UIInterfaceOrientationPortraitUpsideDown";
				IPHONEOS_DEPLOYMENT_TARGET = 13.4;
				LD_RUNPATH_SEARCH_PATHS = (
					"$(inherited)",
					"@executable_path/Frameworks",
				);
				MARKETING_VERSION = 1.0;
				PRODUCT_BUNDLE_IDENTIFIER = tsomuk.Tracker;
				PRODUCT_NAME = "$(TARGET_NAME)";
				SUPPORTED_PLATFORMS = "iphoneos iphonesimulator";
				SUPPORTS_MACCATALYST = NO;
				SUPPORTS_MAC_DESIGNED_FOR_IPHONE_IPAD = NO;
				SWIFT_EMIT_LOC_STRINGS = YES;
				SWIFT_VERSION = 5.0;
				TARGETED_DEVICE_FAMILY = 1;
			};
			name = Debug;
		};
		11ABAA3F2B4A9857003F02BF /* Release */ = {
			isa = XCBuildConfiguration;
			buildSettings = {
				ASSETCATALOG_COMPILER_APPICON_NAME = AppIcon;
				ASSETCATALOG_COMPILER_GLOBAL_ACCENT_COLOR_NAME = AccentColor;
				CODE_SIGN_STYLE = Automatic;
				CURRENT_PROJECT_VERSION = 1;
				DEVELOPMENT_TEAM = DGS54WN6BX;
				GENERATE_INFOPLIST_FILE = YES;
				INFOPLIST_FILE = Tracker/Info.plist;
				INFOPLIST_KEY_UIApplicationSupportsIndirectInputEvents = YES;
				INFOPLIST_KEY_UILaunchStoryboardName = LaunchScreen;
				INFOPLIST_KEY_UISupportedInterfaceOrientations = UIInterfaceOrientationPortrait;
				INFOPLIST_KEY_UISupportedInterfaceOrientations_iPad = "UIInterfaceOrientationLandscapeLeft UIInterfaceOrientationLandscapeRight UIInterfaceOrientationPortrait UIInterfaceOrientationPortraitUpsideDown";
				IPHONEOS_DEPLOYMENT_TARGET = 13.4;
				LD_RUNPATH_SEARCH_PATHS = (
					"$(inherited)",
					"@executable_path/Frameworks",
				);
				MARKETING_VERSION = 1.0;
				PRODUCT_BUNDLE_IDENTIFIER = tsomuk.Tracker;
				PRODUCT_NAME = "$(TARGET_NAME)";
				SUPPORTED_PLATFORMS = "iphoneos iphonesimulator";
				SUPPORTS_MACCATALYST = NO;
				SUPPORTS_MAC_DESIGNED_FOR_IPHONE_IPAD = NO;
				SWIFT_EMIT_LOC_STRINGS = YES;
				SWIFT_VERSION = 5.0;
				TARGETED_DEVICE_FAMILY = 1;
			};
			name = Release;
		};
/* End XCBuildConfiguration section */

/* Begin XCConfigurationList section */
		11ABAA212B4A9855003F02BF /* Build configuration list for PBXProject "Tracker" */ = {
			isa = XCConfigurationList;
			buildConfigurations = (
				11ABAA3B2B4A9857003F02BF /* Debug */,
				11ABAA3C2B4A9857003F02BF /* Release */,
			);
			defaultConfigurationIsVisible = 0;
			defaultConfigurationName = Release;
		};
		11ABAA3D2B4A9857003F02BF /* Build configuration list for PBXNativeTarget "Tracker" */ = {
			isa = XCConfigurationList;
			buildConfigurations = (
				11ABAA3E2B4A9857003F02BF /* Debug */,
				11ABAA3F2B4A9857003F02BF /* Release */,
			);
			defaultConfigurationIsVisible = 0;
			defaultConfigurationName = Release;
		};
/* End XCConfigurationList section */

/* Begin XCVersionGroup section */
		11ABAA322B4A9855003F02BF /* Tracker.xcdatamodeld */ = {
			isa = XCVersionGroup;
			children = (
				11ABAA332B4A9855003F02BF /* Tracker.xcdatamodel */,
			);
			currentVersion = 11ABAA332B4A9855003F02BF /* Tracker.xcdatamodel */;
			path = Tracker.xcdatamodeld;
			sourceTree = "<group>";
			versionGroupType = wrapper.xcdatamodel;
		};
/* End XCVersionGroup section */
	};
	rootObject = 11ABAA1E2B4A9855003F02BF /* Project object */;
}
